// !$*UTF8*$!
{
	archiveVersion = 1;
	classes = {
	};
	objectVersion = 50;
	objects = {

/* Begin PBXBuildFile section */
		6301342A2205344400D81DF3 /* Card.swift in Sources */ = {isa = PBXBuildFile; fileRef = 630134292205344400D81DF3 /* Card.swift */; };
		633A524E2213C087000AD19D /* SetGameDeck.swift in Sources */ = {isa = PBXBuildFile; fileRef = 633A524D2213C087000AD19D /* SetGameDeck.swift */; };
		639B0BF2224F01BB00F6F69F /* SetgameView.swift in Sources */ = {isa = PBXBuildFile; fileRef = 639B0BF1224F01BB00F6F69F /* SetgameView.swift */; };
		63A1AA81220106A800758C94 /* AppDelegate.swift in Sources */ = {isa = PBXBuildFile; fileRef = 63A1AA80220106A800758C94 /* AppDelegate.swift */; };
		63A1AA83220106A800758C94 /* ViewController.swift in Sources */ = {isa = PBXBuildFile; fileRef = 63A1AA82220106A800758C94 /* ViewController.swift */; };
		63A1AA86220106A800758C94 /* Main.storyboard in Resources */ = {isa = PBXBuildFile; fileRef = 63A1AA84220106A800758C94 /* Main.storyboard */; };
		63A1AA88220106A900758C94 /* Assets.xcassets in Resources */ = {isa = PBXBuildFile; fileRef = 63A1AA87220106A900758C94 /* Assets.xcassets */; };
		63A1AA8B220106A900758C94 /* LaunchScreen.storyboard in Resources */ = {isa = PBXBuildFile; fileRef = 63A1AA89220106A900758C94 /* LaunchScreen.storyboard */; };
/* End PBXBuildFile section */

/* Begin PBXFileReference section */
		630134292205344400D81DF3 /* Card.swift */ = {isa = PBXFileReference; lastKnownFileType = sourcecode.swift; path = Card.swift; sourceTree = "<group>"; };
		633A524D2213C087000AD19D /* SetGameDeck.swift */ = {isa = PBXFileReference; lastKnownFileType = sourcecode.swift; path = SetGameDeck.swift; sourceTree = "<group>"; };
		639B0BF1224F01BB00F6F69F /* SetgameView.swift */ = {isa = PBXFileReference; lastKnownFileType = sourcecode.swift; path = SetgameView.swift; sourceTree = "<group>"; };
		63A1AA7D220106A800758C94 /* Setgame.app */ = {isa = PBXFileReference; explicitFileType = wrapper.application; includeInIndex = 0; path = Setgame.app; sourceTree = BUILT_PRODUCTS_DIR; };
		63A1AA80220106A800758C94 /* AppDelegate.swift */ = {isa = PBXFileReference; lastKnownFileType = sourcecode.swift; path = AppDelegate.swift; sourceTree = "<group>"; };
		63A1AA82220106A800758C94 /* ViewController.swift */ = {isa = PBXFileReference; lastKnownFileType = sourcecode.swift; path = ViewController.swift; sourceTree = "<group>"; };
		63A1AA85220106A800758C94 /* Base */ = {isa = PBXFileReference; lastKnownFileType = file.storyboard; name = Base; path = Base.lproj/Main.storyboard; sourceTree = "<group>"; };
		63A1AA87220106A900758C94 /* Assets.xcassets */ = {isa = PBXFileReference; lastKnownFileType = folder.assetcatalog; path = Assets.xcassets; sourceTree = "<group>"; };
		63A1AA8A220106A900758C94 /* Base */ = {isa = PBXFileReference; lastKnownFileType = file.storyboard; name = Base; path = Base.lproj/LaunchScreen.storyboard; sourceTree = "<group>"; };
		63A1AA8C220106A900758C94 /* Info.plist */ = {isa = PBXFileReference; lastKnownFileType = text.plist.xml; path = Info.plist; sourceTree = "<group>"; };
/* End PBXFileReference section */

/* Begin PBXFrameworksBuildPhase section */
		63A1AA7A220106A800758C94 /* Frameworks */ = {
			isa = PBXFrameworksBuildPhase;
			buildActionMask = 2147483647;
			files = (
			);
			runOnlyForDeploymentPostprocessing = 0;
		};
/* End PBXFrameworksBuildPhase section */

/* Begin PBXGroup section */
		63A1AA74220106A800758C94 = {
			isa = PBXGroup;
			children = (
				63A1AA7F220106A800758C94 /* Setgame */,
				63A1AA7E220106A800758C94 /* Products */,
			);
			sourceTree = "<group>";
		};
		63A1AA7E220106A800758C94 /* Products */ = {
			isa = PBXGroup;
			children = (
				63A1AA7D220106A800758C94 /* Setgame.app */,
			);
			name = Products;
			sourceTree = "<group>";
		};
		63A1AA7F220106A800758C94 /* Setgame */ = {
			isa = PBXGroup;
			children = (
				63A1AA92220106CE00758C94 /* Supporting Documents */,
				63A1AA8C220106A900758C94 /* Info.plist */,
				63A1AA82220106A800758C94 /* ViewController.swift */,
				639B0BF1224F01BB00F6F69F /* SetgameView.swift */,
				63A1AA84220106A800758C94 /* Main.storyboard */,
				630134292205344400D81DF3 /* Card.swift */,
				633A524D2213C087000AD19D /* SetGameDeck.swift */,
			);
			path = Setgame;
			sourceTree = "<group>";
		};
		63A1AA92220106CE00758C94 /* Supporting Documents */ = {
			isa = PBXGroup;
			children = (
				63A1AA87220106A900758C94 /* Assets.xcassets */,
				63A1AA80220106A800758C94 /* AppDelegate.swift */,
				63A1AA89220106A900758C94 /* LaunchScreen.storyboard */,
			);
			path = "Supporting Documents";
			sourceTree = "<group>";
		};
/* End PBXGroup section */

/* Begin PBXNativeTarget section */
		63A1AA7C220106A800758C94 /* Setgame */ = {
			isa = PBXNativeTarget;
			buildConfigurationList = 63A1AA8F220106A900758C94 /* Build configuration list for PBXNativeTarget "Setgame" */;
			buildPhases = (
				63A1AA79220106A800758C94 /* Sources */,
				63A1AA7A220106A800758C94 /* Frameworks */,
				63A1AA7B220106A800758C94 /* Resources */,
			);
			buildRules = (
			);
			dependencies = (
			);
			name = Setgame;
			productName = Setgame;
			productReference = 63A1AA7D220106A800758C94 /* Setgame.app */;
			productType = "com.apple.product-type.application";
		};
/* End PBXNativeTarget section */

/* Begin PBXProject section */
		63A1AA75220106A800758C94 /* Project object */ = {
			isa = PBXProject;
			attributes = {
				LastSwiftUpdateCheck = 1010;
				LastUpgradeCheck = 1010;
				ORGANIZATIONNAME = "Geoffry Gambling";
				TargetAttributes = {
					63A1AA7C220106A800758C94 = {
						CreatedOnToolsVersion = 10.1;
					};
				};
			};
			buildConfigurationList = 63A1AA78220106A800758C94 /* Build configuration list for PBXProject "Setgame" */;
			compatibilityVersion = "Xcode 9.3";
			developmentRegion = en;
			hasScannedForEncodings = 0;
			knownRegions = (
				en,
				Base,
			);
			mainGroup = 63A1AA74220106A800758C94;
			productRefGroup = 63A1AA7E220106A800758C94 /* Products */;
			projectDirPath = "";
			projectRoot = "";
			targets = (
				63A1AA7C220106A800758C94 /* Setgame */,
			);
		};
/* End PBXProject section */

/* Begin PBXResourcesBuildPhase section */
		63A1AA7B220106A800758C94 /* Resources */ = {
			isa = PBXResourcesBuildPhase;
			buildActionMask = 2147483647;
			files = (
				63A1AA8B220106A900758C94 /* LaunchScreen.storyboard in Resources */,
				63A1AA88220106A900758C94 /* Assets.xcassets in Resources */,
				63A1AA86220106A800758C94 /* Main.storyboard in Resources */,
			);
			runOnlyForDeploymentPostprocessing = 0;
		};
/* End PBXResourcesBuildPhase section */

/* Begin PBXSourcesBuildPhase section */
		63A1AA79220106A800758C94 /* Sources */ = {
			isa = PBXSourcesBuildPhase;
			buildActionMask = 2147483647;
			files = (
				63A1AA83220106A800758C94 /* ViewController.swift in Sources */,
				633A524E2213C087000AD19D /* SetGameDeck.swift in Sources */,
				6301342A2205344400D81DF3 /* Card.swift in Sources */,
				639B0BF2224F01BB00F6F69F /* SetgameView.swift in Sources */,
				63A1AA81220106A800758C94 /* AppDelegate.swift in Sources */,
			);
			runOnlyForDeploymentPostprocessing = 0;
		};
/* End PBXSourcesBuildPhase section */

/* Begin PBXVariantGroup section */
		63A1AA84220106A800758C94 /* Main.storyboard */ = {
			isa = PBXVariantGroup;
			children = (
				63A1AA85220106A800758C94 /* Base */,
			);
			name = Main.storyboard;
			sourceTree = "<group>";
		};
		63A1AA89220106A900758C94 /* LaunchScreen.storyboard */ = {
			isa = PBXVariantGroup;
			children = (
				63A1AA8A220106A900758C94 /* Base */,
			);
			name = LaunchScreen.storyboard;
			sourceTree = "<group>";
		};
/* End PBXVariantGroup section */

/* Begin XCBuildConfiguration section */
		63A1AA8D220106A900758C94 /* Debug */ = {
			isa = XCBuildConfiguration;
			buildSettings = {
				ALWAYS_SEARCH_USER_PATHS = NO;
				CLANG_ANALYZER_NONNULL = YES;
				CLANG_ANALYZER_NUMBER_OBJECT_CONVERSION = YES_AGGRESSIVE;
				CLANG_CXX_LANGUAGE_STANDARD = "gnu++14";
				CLANG_CXX_LIBRARY = "libc++";
				CLANG_ENABLE_MODULES = YES;
				CLANG_ENABLE_OBJC_ARC = YES;
				CLANG_ENABLE_OBJC_WEAK = YES;
				CLANG_WARN_BLOCK_CAPTURE_AUTORELEASING = YES;
				CLANG_WARN_BOOL_CONVERSION = YES;
				CLANG_WARN_COMMA = YES;
				CLANG_WARN_CONSTANT_CONVERSION = YES;
				CLANG_WARN_DEPRECATED_OBJC_IMPLEMENTATIONS = YES;
				CLANG_WARN_DIRECT_OBJC_ISA_USAGE = YES_ERROR;
				CLANG_WARN_DOCUMENTATION_COMMENTS = YES;
				CLANG_WARN_EMPTY_BODY = YES;
				CLANG_WARN_ENUM_CONVERSION = YES;
				CLANG_WARN_INFINITE_RECURSION = YES;
				CLANG_WARN_INT_CONVERSION = YES;
				CLANG_WARN_NON_LITERAL_NULL_CONVERSION = YES;
				CLANG_WARN_OBJC_IMPLICIT_RETAIN_SELF = YES;
				CLANG_WARN_OBJC_LITERAL_CONVERSION = YES;
				CLANG_WARN_OBJC_ROOT_CLASS = YES_ERROR;
				CLANG_WARN_RANGE_LOOP_ANALYSIS = YES;
				CLANG_WARN_STRICT_PROTOTYPES = YES;
				CLANG_WARN_SUSPICIOUS_MOVE = YES;
				CLANG_WARN_UNGUARDED_AVAILABILITY = YES_AGGRESSIVE;
				CLANG_WARN_UNREACHABLE_CODE = YES;
				CLANG_WARN__DUPLICATE_METHOD_MATCH = YES;
				CODE_SIGN_IDENTITY = "iPhone Developer";
				COPY_PHASE_STRIP = NO;
				DEBUG_INFORMATION_FORMAT = dwarf;
				ENABLE_STRICT_OBJC_MSGSEND = YES;
				ENABLE_TESTABILITY = YES;
				GCC_C_LANGUAGE_STANDARD = gnu11;
				GCC_DYNAMIC_NO_PIC = NO;
				GCC_NO_COMMON_BLOCKS = YES;
				GCC_OPTIMIZATION_LEVEL = 0;
				GCC_PREPROCESSOR_DEFINITIONS = (
					"DEBUG=1",
					"$(inherited)",
				);
				GCC_WARN_64_TO_32_BIT_CONVERSION = YES;
				GCC_WARN_ABOUT_RETURN_TYPE = YES_ERROR;
				GCC_WARN_UNDECLARED_SELECTOR = YES;
				GCC_WARN_UNINITIALIZED_AUTOS = YES_AGGRESSIVE;
				GCC_WARN_UNUSED_FUNCTION = YES;
				GCC_WARN_UNUSED_VARIABLE = YES;
				IPHONEOS_DEPLOYMENT_TARGET = 12.1;
				MTL_ENABLE_DEBUG_INFO = INCLUDE_SOURCE;
				MTL_FAST_MATH = YES;
				ONLY_ACTIVE_ARCH = YES;
				SDKROOT = iphoneos;
				SWIFT_ACTIVE_COMPILATION_CONDITIONS = DEBUG;
				SWIFT_OPTIMIZATION_LEVEL = "-Onone";
			};
			name = Debug;
		};
		63A1AA8E220106A900758C94 /* Release */ = {
			isa = XCBuildConfiguration;
			buildSettings = {
				ALWAYS_SEARCH_USER_PATHS = NO;
				CLANG_ANALYZER_NONNULL = YES;
				CLANG_ANALYZER_NUMBER_OBJECT_CONVERSION = YES_AGGRESSIVE;
				CLANG_CXX_LANGUAGE_STANDARD = "gnu++14";
				CLANG_CXX_LIBRARY = "libc++";
				CLANG_ENABLE_MODULES = YES;
				CLANG_ENABLE_OBJC_ARC = YES;
				CLANG_ENABLE_OBJC_WEAK = YES;
				CLANG_WARN_BLOCK_CAPTURE_AUTORELEASING = YES;
				CLANG_WARN_BOOL_CONVERSION = YES;
				CLANG_WARN_COMMA = YES;
				CLANG_WARN_CONSTANT_CONVERSION = YES;
				CLANG_WARN_DEPRECATED_OBJC_IMPLEMENTATIONS = YES;
				CLANG_WARN_DIRECT_OBJC_ISA_USAGE = YES_ERROR;
				CLANG_WARN_DOCUMENTATION_COMMENTS = YES;
				CLANG_WARN_EMPTY_BODY = YES;
				CLANG_WARN_ENUM_CONVERSION = YES;
				CLANG_WARN_INFINITE_RECURSION = YES;
				CLANG_WARN_INT_CONVERSION = YES;
				CLANG_WARN_NON_LITERAL_NULL_CONVERSION = YES;
				CLANG_WARN_OBJC_IMPLICIT_RETAIN_SELF = YES;
				CLANG_WARN_OBJC_LITERAL_CONVERSION = YES;
				CLANG_WARN_OBJC_ROOT_CLASS = YES_ERROR;
				CLANG_WARN_RANGE_LOOP_ANALYSIS = YES;
				CLANG_WARN_STRICT_PROTOTYPES = YES;
				CLANG_WARN_SUSPICIOUS_MOVE = YES;
				CLANG_WARN_UNGUARDED_AVAILABILITY = YES_AGGRESSIVE;
				CLANG_WARN_UNREACHABLE_CODE = YES;
				CLANG_WARN__DUPLICATE_METHOD_MATCH = YES;
				CODE_SIGN_IDENTITY = "iPhone Developer";
				COPY_PHASE_STRIP = NO;
				DEBUG_INFORMATION_FORMAT = "dwarf-with-dsym";
				ENABLE_NS_ASSERTIONS = NO;
				ENABLE_STRICT_OBJC_MSGSEND = YES;
				GCC_C_LANGUAGE_STANDARD = gnu11;
				GCC_NO_COMMON_BLOCKS = YES;
				GCC_WARN_64_TO_32_BIT_CONVERSION = YES;
				GCC_WARN_ABOUT_RETURN_TYPE = YES_ERROR;
				GCC_WARN_UNDECLARED_SELECTOR = YES;
				GCC_WARN_UNINITIALIZED_AUTOS = YES_AGGRESSIVE;
				GCC_WARN_UNUSED_FUNCTION = YES;
				GCC_WARN_UNUSED_VARIABLE = YES;
				IPHONEOS_DEPLOYMENT_TARGET = 12.1;
				MTL_ENABLE_DEBUG_INFO = NO;
				MTL_FAST_MATH = YES;
				SDKROOT = iphoneos;
				SWIFT_COMPILATION_MODE = wholemodule;
				SWIFT_OPTIMIZATION_LEVEL = "-O";
				VALIDATE_PRODUCT = YES;
			};
			name = Release;
		};
		63A1AA90220106A900758C94 /* Debug */ = {
			isa = XCBuildConfiguration;
			buildSettings = {
				ASSETCATALOG_COMPILER_APPICON_NAME = AppIcon;
				CODE_SIGN_STYLE = Automatic;
				DEVELOPMENT_TEAM = 6WD8PAVMGJ;
				INFOPLIST_FILE = Setgame/Info.plist;
				LD_RUNPATH_SEARCH_PATHS = (
					"$(inherited)",
					"@executable_path/Frameworks",
				);
				PRODUCT_BUNDLE_IDENTIFIER = grofulet.Setgame;
				PRODUCT_NAME = "$(TARGET_NAME)";
				SWIFT_VERSION = 4.2;
				TARGETED_DEVICE_FAMILY = "1,2";
			};
			name = Debug;
		};
		63A1AA91220106A900758C94 /* Release */ = {
			isa = XCBuildConfiguration;
			buildSettings = {
				ASSETCATALOG_COMPILER_APPICON_NAME = AppIcon;
				CODE_SIGN_STYLE = Automatic;
				DEVELOPMENT_TEAM = 6WD8PAVMGJ;
				INFOPLIST_FILE = Setgame/Info.plist;
				LD_RUNPATH_SEARCH_PATHS = (
					"$(inherited)",
					"@executable_path/Frameworks",
				);
				PRODUCT_BUNDLE_IDENTIFIER = grofulet.Setgame;
				PRODUCT_NAME = "$(TARGET_NAME)";
				SWIFT_VERSION = 4.2;
				TARGETED_DEVICE_FAMILY = "1,2";
			};
			name = Release;
		};
/* End XCBuildConfiguration section */

/* Begin XCConfigurationList section */
		63A1AA78220106A800758C94 /* Build configuration list for PBXProject "Setgame" */ = {
			isa = XCConfigurationList;
			buildConfigurations = (
				63A1AA8D220106A900758C94 /* Debug */,
				63A1AA8E220106A900758C94 /* Release */,
			);
			defaultConfigurationIsVisible = 0;
			defaultConfigurationName = Release;
		};
		63A1AA8F220106A900758C94 /* Build configuration list for PBXNativeTarget "Setgame" */ = {
			isa = XCConfigurationList;
			buildConfigurations = (
				63A1AA90220106A900758C94 /* Debug */,
				63A1AA91220106A900758C94 /* Release */,
			);
			defaultConfigurationIsVisible = 0;
			defaultConfigurationName = Release;
		};
/* End XCConfigurationList section */
	};
	rootObject = 63A1AA75220106A800758C94 /* Project object */;
}
